
Microsoft Visual Studio Solution File, Format Version 12.00
# Visual Studio Version 17
VisualStudioVersion = 17.0.32112.339
MinimumVisualStudioVersion = 10.0.40219.1
Project("{D954291E-2A0B-460D-934E-DC6B0785DB48}") = "UILayout", "UILayout\UILayout.shproj", "{7DA2B397-A39F-4E5B-96ED-F206329982C9}"
EndProject
Project("{9A19103F-16F7-4668-BE54-9A1E7A4F7556}") = "UILayout.Skia", "UILayout.Skia\UILayout.Skia.csproj", "{8C8CD599-CF81-4789-8AA3-E3882EB3655F}"
EndProject
Project("{9A19103F-16F7-4668-BE54-9A1E7A4F7556}") = "SkiaTest", "SkiaTest\SkiaTest.csproj", "{91DEC317-23AC-42A0-8A09-6B719B3F8444}"
EndProject
Project("{D954291E-2A0B-460D-934E-DC6B0785DB48}") = "UILayout.Test", "UILayout.Test\UILayout.Test.shproj", "{66D9F9C2-FAED-4C0C-B0A1-EA402D54ACB1}"
EndProject
Project("{9A19103F-16F7-4668-BE54-9A1E7A4F7556}") = "MonoGameTest", "MonoGameTest\MonoGameTest.csproj", "{47F7B7A0-5F63-4900-BF71-C2834EA876BA}"
EndProject
Project("{9A19103F-16F7-4668-BE54-9A1E7A4F7556}") = "ImageSheetProcessor", "ImageSheetProcessor\ImageSheetProcessor.csproj", "{867A9020-0073-427A-A29F-275863F6FD94}"
EndProject
Project("{9A19103F-16F7-4668-BE54-9A1E7A4F7556}") = "UILayout.Skia.WPF", "UILayout.Skia.WPF\UILayout.Skia.WPF.csproj", "{DAE5DFB4-D8AA-4D0F-84CD-95098D69CC2D}"
EndProject
Project("{D954291E-2A0B-460D-934E-DC6B0785DB48}") = "UILayout.MonoGame", "UILayout.MonoGame\UILayout.MonoGame.shproj", "{D7307594-237F-43DA-BD6B-D0BC2BD9B276}"
EndProject
Global
	GlobalSection(SolutionConfigurationPlatforms) = preSolution
		Debug|Any CPU = Debug|Any CPU
		Release|Any CPU = Release|Any CPU
	EndGlobalSection
	GlobalSection(ProjectConfigurationPlatforms) = postSolution
		{8C8CD599-CF81-4789-8AA3-E3882EB3655F}.Debug|Any CPU.ActiveCfg = Debug|Any CPU
		{8C8CD599-CF81-4789-8AA3-E3882EB3655F}.Debug|Any CPU.Build.0 = Debug|Any CPU
		{8C8CD599-CF81-4789-8AA3-E3882EB3655F}.Release|Any CPU.ActiveCfg = Release|Any CPU
		{8C8CD599-CF81-4789-8AA3-E3882EB3655F}.Release|Any CPU.Build.0 = Release|Any CPU
		{91DEC317-23AC-42A0-8A09-6B719B3F8444}.Debug|Any CPU.ActiveCfg = Debug|Any CPU
		{91DEC317-23AC-42A0-8A09-6B719B3F8444}.Debug|Any CPU.Build.0 = Debug|Any CPU
		{91DEC317-23AC-42A0-8A09-6B719B3F8444}.Release|Any CPU.ActiveCfg = Release|Any CPU
		{91DEC317-23AC-42A0-8A09-6B719B3F8444}.Release|Any CPU.Build.0 = Release|Any CPU
		{47F7B7A0-5F63-4900-BF71-C2834EA876BA}.Debug|Any CPU.ActiveCfg = Debug|Any CPU
		{47F7B7A0-5F63-4900-BF71-C2834EA876BA}.Debug|Any CPU.Build.0 = Debug|Any CPU
		{47F7B7A0-5F63-4900-BF71-C2834EA876BA}.Release|Any CPU.ActiveCfg = Release|Any CPU
		{47F7B7A0-5F63-4900-BF71-C2834EA876BA}.Release|Any CPU.Build.0 = Release|Any CPU
		{867A9020-0073-427A-A29F-275863F6FD94}.Debug|Any CPU.ActiveCfg = Debug|Any CPU
		{867A9020-0073-427A-A29F-275863F6FD94}.Debug|Any CPU.Build.0 = Debug|Any CPU
		{867A9020-0073-427A-A29F-275863F6FD94}.Release|Any CPU.ActiveCfg = Release|Any CPU
		{867A9020-0073-427A-A29F-275863F6FD94}.Release|Any CPU.Build.0 = Release|Any CPU
		{DAE5DFB4-D8AA-4D0F-84CD-95098D69CC2D}.Debug|Any CPU.ActiveCfg = Debug|Any CPU
		{DAE5DFB4-D8AA-4D0F-84CD-95098D69CC2D}.Debug|Any CPU.Build.0 = Debug|Any CPU
		{DAE5DFB4-D8AA-4D0F-84CD-95098D69CC2D}.Release|Any CPU.ActiveCfg = Release|Any CPU
		{DAE5DFB4-D8AA-4D0F-84CD-95098D69CC2D}.Release|Any CPU.Build.0 = Release|Any CPU
	EndGlobalSection
	GlobalSection(SolutionProperties) = preSolution
		HideSolutionNode = FALSE
	EndGlobalSection
	GlobalSection(ExtensibilityGlobals) = postSolution
		SolutionGuid = {B3DE844C-79C2-4FC9-9C96-5457339160C3}
	EndGlobalSection
	GlobalSection(SharedMSBuildProjectFiles) = preSolution
		UILayout.MonoGame\UILayout.MonoGame.projitems*{47f7b7a0-5f63-4900-bf71-c2834ea876ba}*SharedItemsImports = 5
		UILayout.Test\UILayout.Test.projitems*{47f7b7a0-5f63-4900-bf71-c2834ea876ba}*SharedItemsImports = 5
		UILayout\UILayout.projitems*{47f7b7a0-5f63-4900-bf71-c2834ea876ba}*SharedItemsImports = 5
		UILayout.Test\UILayout.Test.projitems*{66d9f9c2-faed-4c0c-b0a1-ea402d54acb1}*SharedItemsImports = 13
		UILayout\UILayout.projitems*{7da2b397-a39f-4e5b-96ed-f206329982c9}*SharedItemsImports = 13
		UILayout.MonoGame\UILayout.MonoGame.projitems*{867a9020-0073-427a-a29f-275863f6fd94}*SharedItemsImports = 5
		UILayout\UILayout.projitems*{867a9020-0073-427a-a29f-275863f6fd94}*SharedItemsImports = 5
		UILayout\UILayout.projitems*{8c8cd599-cf81-4789-8aa3-e3882eb3655f}*SharedItemsImports = 5
		UILayout.Test\UILayout.Test.projitems*{91dec317-23ac-42a0-8a09-6b719b3f8444}*SharedItemsImports = 5
		UILayout.MonoGame\UILayout.MonoGame.projitems*{d7307594-237f-43da-bd6b-d0bc2bd9b276}*SharedItemsImports = 13
	EndGlobalSection
EndGlobal
